
Microsoft Visual Studio Solution File, Format Version 12.00
# Visual Studio Version 16
VisualStudioVersion = 16.0.30611.23
MinimumVisualStudioVersion = 10.0.40219.1
Project("{FAE04EC0-301F-11D3-BF4B-00C04F79EFBC}") = "AntiqueShop", "AntiqueShop\AntiqueShop.csproj", "{96F6C269-B77A-4E7F-8A7F-872CA4C8EB2B}"
EndProject
Global
	GlobalSection(SolutionConfigurationPlatforms) = preSolution
		Debug|Any CPU = Debug|Any CPU
		Release|Any CPU = Release|Any CPU
	EndGlobalSection
	GlobalSection(ProjectConfigurationPlatforms) = postSolution
		{96F6C269-B77A-4E7F-8A7F-872CA4C8EB2B}.Debug|Any CPU.ActiveCfg = Debug|Any CPU
		{96F6C269-B77A-4E7F-8A7F-872CA4C8EB2B}.Debug|Any CPU.Build.0 = Debug|Any CPU
		{96F6C269-B77A-4E7F-8A7F-872CA4C8EB2B}.Release|Any CPU.ActiveCfg = Release|Any CPU
		{96F6C269-B77A-4E7F-8A7F-872CA4C8EB2B}.Release|Any CPU.Build.0 = Release|Any CPU
	EndGlobalSection
	GlobalSection(SolutionProperties) = preSolution
		HideSolutionNode = FALSE
	EndGlobalSection
	GlobalSection(ExtensibilityGlobals) = postSolution
		SolutionGuid = {392F6C0B-CE96-4886-8949-4EA352EFFFB6}
	EndGlobalSection
EndGlobal
